// !$*UTF8*$!
{
	archiveVersion = 1;
	classes = {
	};
	objectVersion = 46;
	objects = {

/* Begin PBXBuildFile section */
		7DC1D23A31194DD91110A1BD /* libPods.a in Frameworks */ = {isa = PBXBuildFile; fileRef = 5CD7C39B4F75CD53E4EF93C0 /* libPods.a */; };
		CB507EA91BA124DE00E0142F /* main.m in Sources */ = {isa = PBXBuildFile; fileRef = CB507EA81BA124DE00E0142F /* main.m */; };
		CB507EAC1BA124DE00E0142F /* AppDelegate.m in Sources */ = {isa = PBXBuildFile; fileRef = CB507EAB1BA124DE00E0142F /* AppDelegate.m */; };
		CB507EAF1BA124DE00E0142F /* ViewController.m in Sources */ = {isa = PBXBuildFile; fileRef = CB507EAE1BA124DE00E0142F /* ViewController.m */; };
		CB507EB21BA124DE00E0142F /* Main.storyboard in Resources */ = {isa = PBXBuildFile; fileRef = CB507EB01BA124DE00E0142F /* Main.storyboard */; };
		CB507EB41BA124DE00E0142F /* Images.xcassets in Resources */ = {isa = PBXBuildFile; fileRef = CB507EB31BA124DE00E0142F /* Images.xcassets */; };
		CB507EB71BA124DE00E0142F /* LaunchScreen.xib in Resources */ = {isa = PBXBuildFile; fileRef = CB507EB51BA124DE00E0142F /* LaunchScreen.xib */; };
		CB507EC31BA124DE00E0142F /* LearningDemoTests.m in Sources */ = {isa = PBXBuildFile; fileRef = CB507EC21BA124DE00E0142F /* LearningDemoTests.m */; };
		CB507ECE1BA14FB100E0142F /* SecondViewController.m in Sources */ = {isa = PBXBuildFile; fileRef = CB507ECD1BA14FB100E0142F /* SecondViewController.m */; };
/* End PBXBuildFile section */

/* Begin PBXContainerItemProxy section */
		CB507EBD1BA124DE00E0142F /* PBXContainerItemProxy */ = {
			isa = PBXContainerItemProxy;
			containerPortal = CB507E9B1BA124DE00E0142F /* Project object */;
			proxyType = 1;
			remoteGlobalIDString = CB507EA21BA124DE00E0142F;
			remoteInfo = LearningDemo;
		};
/* End PBXContainerItemProxy section */

/* Begin PBXFileReference section */
		0B41A7ECB54375F40AAE7318 /* Pods.debug.xcconfig */ = {isa = PBXFileReference; includeInIndex = 1; lastKnownFileType = text.xcconfig; name = Pods.debug.xcconfig; path = "Pods/Target Support Files/Pods/Pods.debug.xcconfig"; sourceTree = "<group>"; };
		5CD7C39B4F75CD53E4EF93C0 /* libPods.a */ = {isa = PBXFileReference; explicitFileType = archive.ar; includeInIndex = 0; path = libPods.a; sourceTree = BUILT_PRODUCTS_DIR; };
		CB507EA31BA124DE00E0142F /* LearningDemo.app */ = {isa = PBXFileReference; explicitFileType = wrapper.application; includeInIndex = 0; path = LearningDemo.app; sourceTree = BUILT_PRODUCTS_DIR; };
		CB507EA71BA124DE00E0142F /* Info.plist */ = {isa = PBXFileReference; lastKnownFileType = text.plist.xml; path = Info.plist; sourceTree = "<group>"; };
		CB507EA81BA124DE00E0142F /* main.m */ = {isa = PBXFileReference; lastKnownFileType = sourcecode.c.objc; path = main.m; sourceTree = "<group>"; };
		CB507EAA1BA124DE00E0142F /* AppDelegate.h */ = {isa = PBXFileReference; lastKnownFileType = sourcecode.c.h; path = AppDelegate.h; sourceTree = "<group>"; };
		CB507EAB1BA124DE00E0142F /* AppDelegate.m */ = {isa = PBXFileReference; lastKnownFileType = sourcecode.c.objc; path = AppDelegate.m; sourceTree = "<group>"; };
		CB507EAD1BA124DE00E0142F /* ViewController.h */ = {isa = PBXFileReference; lastKnownFileType = sourcecode.c.h; path = ViewController.h; sourceTree = "<group>"; };
		CB507EAE1BA124DE00E0142F /* ViewController.m */ = {isa = PBXFileReference; lastKnownFileType = sourcecode.c.objc; path = ViewController.m; sourceTree = "<group>"; };
		CB507EB11BA124DE00E0142F /* Base */ = {isa = PBXFileReference; lastKnownFileType = file.storyboard; name = Base; path = Base.lproj/Main.storyboard; sourceTree = "<group>"; };
		CB507EB31BA124DE00E0142F /* Images.xcassets */ = {isa = PBXFileReference; lastKnownFileType = folder.assetcatalog; path = Images.xcassets; sourceTree = "<group>"; };
		CB507EB61BA124DE00E0142F /* Base */ = {isa = PBXFileReference; lastKnownFileType = file.xib; name = Base; path = Base.lproj/LaunchScreen.xib; sourceTree = "<group>"; };
		CB507EBC1BA124DE00E0142F /* LearningDemoTests.xctest */ = {isa = PBXFileReference; explicitFileType = wrapper.cfbundle; includeInIndex = 0; path = LearningDemoTests.xctest; sourceTree = BUILT_PRODUCTS_DIR; };
		CB507EC11BA124DE00E0142F /* Info.plist */ = {isa = PBXFileReference; lastKnownFileType = text.plist.xml; path = Info.plist; sourceTree = "<group>"; };
		CB507EC21BA124DE00E0142F /* LearningDemoTests.m */ = {isa = PBXFileReference; lastKnownFileType = sourcecode.c.objc; path = LearningDemoTests.m; sourceTree = "<group>"; };
		CB507ECC1BA14FB100E0142F /* SecondViewController.h */ = {isa = PBXFileReference; fileEncoding = 4; lastKnownFileType = sourcecode.c.h; path = SecondViewController.h; sourceTree = "<group>"; };
		CB507ECD1BA14FB100E0142F /* SecondViewController.m */ = {isa = PBXFileReference; fileEncoding = 4; lastKnownFileType = sourcecode.c.objc; path = SecondViewController.m; sourceTree = "<group>"; };
		F0489134AEA2D95D03168B2E /* Pods.release.xcconfig */ = {isa = PBXFileReference; includeInIndex = 1; lastKnownFileType = text.xcconfig; name = Pods.release.xcconfig; path = "Pods/Target Support Files/Pods/Pods.release.xcconfig"; sourceTree = "<group>"; };
/* End PBXFileReference section */

/* Begin PBXFrameworksBuildPhase section */
		CB507EA01BA124DE00E0142F /* Frameworks */ = {
			isa = PBXFrameworksBuildPhase;
			buildActionMask = 2147483647;
			files = (
				7DC1D23A31194DD91110A1BD /* libPods.a in Frameworks */,
			);
			runOnlyForDeploymentPostprocessing = 0;
		};
		CB507EB91BA124DE00E0142F /* Frameworks */ = {
			isa = PBXFrameworksBuildPhase;
			buildActionMask = 2147483647;
			files = (
			);
			runOnlyForDeploymentPostprocessing = 0;
		};
/* End PBXFrameworksBuildPhase section */

/* Begin PBXGroup section */
		1FF0B904B0087408044D82B9 /* Frameworks */ = {
			isa = PBXGroup;
			children = (
				5CD7C39B4F75CD53E4EF93C0 /* libPods.a */,
			);
			name = Frameworks;
			sourceTree = "<group>";
		};
		975942F3E73CDE55A2565A1D /* Pods */ = {
			isa = PBXGroup;
			children = (
				0B41A7ECB54375F40AAE7318 /* Pods.debug.xcconfig */,
				F0489134AEA2D95D03168B2E /* Pods.release.xcconfig */,
			);
			name = Pods;
			sourceTree = "<group>";
		};
		CB507E9A1BA124DE00E0142F = {
			isa = PBXGroup;
			children = (
				CB507EA51BA124DE00E0142F /* LearningDemo */,
				CB507EBF1BA124DE00E0142F /* LearningDemoTests */,
				CB507EA41BA124DE00E0142F /* Products */,
				975942F3E73CDE55A2565A1D /* Pods */,
				1FF0B904B0087408044D82B9 /* Frameworks */,
			);
			sourceTree = "<group>";
		};
		CB507EA41BA124DE00E0142F /* Products */ = {
			isa = PBXGroup;
			children = (
				CB507EA31BA124DE00E0142F /* LearningDemo.app */,
				CB507EBC1BA124DE00E0142F /* LearningDemoTests.xctest */,
			);
			name = Products;
			sourceTree = "<group>";
		};
		CB507EA51BA124DE00E0142F /* LearningDemo */ = {
			isa = PBXGroup;
			children = (
				CB507EAA1BA124DE00E0142F /* AppDelegate.h */,
				CB507EAB1BA124DE00E0142F /* AppDelegate.m */,
				CB507EAD1BA124DE00E0142F /* ViewController.h */,
				CB507EAE1BA124DE00E0142F /* ViewController.m */,
				CB507EB01BA124DE00E0142F /* Main.storyboard */,
				CB507EB31BA124DE00E0142F /* Images.xcassets */,
				CB507EB51BA124DE00E0142F /* LaunchScreen.xib */,
				CB507EA61BA124DE00E0142F /* Supporting Files */,
				CB507ECC1BA14FB100E0142F /* SecondViewController.h */,
				CB507ECD1BA14FB100E0142F /* SecondViewController.m */,
			);
			path = LearningDemo;
			sourceTree = "<group>";
		};
		CB507EA61BA124DE00E0142F /* Supporting Files */ = {
			isa = PBXGroup;
			children = (
				CB507EA71BA124DE00E0142F /* Info.plist */,
				CB507EA81BA124DE00E0142F /* main.m */,
			);
			name = "Supporting Files";
			sourceTree = "<group>";
		};
		CB507EBF1BA124DE00E0142F /* LearningDemoTests */ = {
			isa = PBXGroup;
			children = (
				CB507EC21BA124DE00E0142F /* LearningDemoTests.m */,
				CB507EC01BA124DE00E0142F /* Supporting Files */,
			);
			path = LearningDemoTests;
			sourceTree = "<group>";
		};
		CB507EC01BA124DE00E0142F /* Supporting Files */ = {
			isa = PBXGroup;
			children = (
				CB507EC11BA124DE00E0142F /* Info.plist */,
			);
			name = "Supporting Files";
			sourceTree = "<group>";
		};
/* End PBXGroup section */

/* Begin PBXNativeTarget section */
		CB507EA21BA124DE00E0142F /* LearningDemo */ = {
			isa = PBXNativeTarget;
			buildConfigurationList = CB507EC61BA124DE00E0142F /* Build configuration list for PBXNativeTarget "LearningDemo" */;
			buildPhases = (
				31CED19D50097C303A7D672B /* Check Pods Manifest.lock */,
				CB507E9F1BA124DE00E0142F /* Sources */,
				CB507EA01BA124DE00E0142F /* Frameworks */,
				CB507EA11BA124DE00E0142F /* Resources */,
				19C18F7F40AD632592EA6717 /* Copy Pods Resources */,
			);
			buildRules = (
			);
			dependencies = (
			);
			name = LearningDemo;
			productName = LearningDemo;
			productReference = CB507EA31BA124DE00E0142F /* LearningDemo.app */;
			productType = "com.apple.product-type.application";
		};
		CB507EBB1BA124DE00E0142F /* LearningDemoTests */ = {
			isa = PBXNativeTarget;
			buildConfigurationList = CB507EC91BA124DE00E0142F /* Build configuration list for PBXNativeTarget "LearningDemoTests" */;
			buildPhases = (
				CB507EB81BA124DE00E0142F /* Sources */,
				CB507EB91BA124DE00E0142F /* Frameworks */,
				CB507EBA1BA124DE00E0142F /* Resources */,
			);
			buildRules = (
			);
			dependencies = (
				CB507EBE1BA124DE00E0142F /* PBXTargetDependency */,
			);
			name = LearningDemoTests;
			productName = LearningDemoTests;
			productReference = CB507EBC1BA124DE00E0142F /* LearningDemoTests.xctest */;
			productType = "com.apple.product-type.bundle.unit-test";
		};
/* End PBXNativeTarget section */

/* Begin PBXProject section */
		CB507E9B1BA124DE00E0142F /* Project object */ = {
			isa = PBXProject;
			attributes = {
				LastUpgradeCheck = 0640;
				ORGANIZATIONNAME = "李 俊";
				TargetAttributes = {
					CB507EA21BA124DE00E0142F = {
						CreatedOnToolsVersion = 6.4;
					};
					CB507EBB1BA124DE00E0142F = {
						CreatedOnToolsVersion = 6.4;
						TestTargetID = CB507EA21BA124DE00E0142F;
					};
				};
			};
			buildConfigurationList = CB507E9E1BA124DE00E0142F /* Build configuration list for PBXProject "LearningDemo" */;
			compatibilityVersion = "Xcode 3.2";
			developmentRegion = English;
			hasScannedForEncodings = 0;
			knownRegions = (
				en,
				Base,
			);
			mainGroup = CB507E9A1BA124DE00E0142F;
			productRefGroup = CB507EA41BA124DE00E0142F /* Products */;
			projectDirPath = "";
			projectRoot = "";
			targets = (
				CB507EA21BA124DE00E0142F /* LearningDemo */,
				CB507EBB1BA124DE00E0142F /* LearningDemoTests */,
			);
		};
/* End PBXProject section */

/* Begin PBXResourcesBuildPhase section */
		CB507EA11BA124DE00E0142F /* Resources */ = {
			isa = PBXResourcesBuildPhase;
			buildActionMask = 2147483647;
			files = (
				CB507EB21BA124DE00E0142F /* Main.storyboard in Resources */,
				CB507EB71BA124DE00E0142F /* LaunchScreen.xib in Resources */,
				CB507EB41BA124DE00E0142F /* Images.xcassets in Resources */,
			);
			runOnlyForDeploymentPostprocessing = 0;
		};
		CB507EBA1BA124DE00E0142F /* Resources */ = {
			isa = PBXResourcesBuildPhase;
			buildActionMask = 2147483647;
			files = (
			);
			runOnlyForDeploymentPostprocessing = 0;
		};
/* End PBXResourcesBuildPhase section */

/* Begin PBXShellScriptBuildPhase section */
		19C18F7F40AD632592EA6717 /* Copy Pods Resources */ = {
			isa = PBXShellScriptBuildPhase;
			buildActionMask = 2147483647;
			files = (
			);
			inputPaths = (
			);
			name = "Copy Pods Resources";
			outputPaths = (
			);
			runOnlyForDeploymentPostprocessing = 0;
			shellPath = /bin/sh;
			shellScript = "\"${SRCROOT}/Pods/Target Support Files/Pods/Pods-resources.sh\"\n";
			showEnvVarsInLog = 0;
		};
		31CED19D50097C303A7D672B /* Check Pods Manifest.lock */ = {
			isa = PBXShellScriptBuildPhase;
			buildActionMask = 2147483647;
			files = (
			);
			inputPaths = (
			);
			name = "Check Pods Manifest.lock";
			outputPaths = (
			);
			runOnlyForDeploymentPostprocessing = 0;
			shellPath = /bin/sh;
			shellScript = "diff \"${PODS_ROOT}/../Podfile.lock\" \"${PODS_ROOT}/Manifest.lock\" > /dev/null\nif [[ $? != 0 ]] ; then\n    cat << EOM\nerror: The sandbox is not in sync with the Podfile.lock. Run 'pod install' or update your CocoaPods installation.\nEOM\n    exit 1\nfi\n";
			showEnvVarsInLog = 0;
		};
/* End PBXShellScriptBuildPhase section */

/* Begin PBXSourcesBuildPhase section */
		CB507E9F1BA124DE00E0142F /* Sources */ = {
			isa = PBXSourcesBuildPhase;
			buildActionMask = 2147483647;
			files = (
				CB507ECE1BA14FB100E0142F /* SecondViewController.m in Sources */,
				CB507EAF1BA124DE00E0142F /* ViewController.m in Sources */,
				CB507EAC1BA124DE00E0142F /* AppDelegate.m in Sources */,
				CB507EA91BA124DE00E0142F /* main.m in Sources */,
			);
			runOnlyForDeploymentPostprocessing = 0;
		};
		CB507EB81BA124DE00E0142F /* Sources */ = {
			isa = PBXSourcesBuildPhase;
			buildActionMask = 2147483647;
			files = (
				CB507EC31BA124DE00E0142F /* LearningDemoTests.m in Sources */,
			);
			runOnlyForDeploymentPostprocessing = 0;
		};
/* End PBXSourcesBuildPhase section */

/* Begin PBXTargetDependency section */
		CB507EBE1BA124DE00E0142F /* PBXTargetDependency */ = {
			isa = PBXTargetDependency;
			target = CB507EA21BA124DE00E0142F /* LearningDemo */;
			targetProxy = CB507EBD1BA124DE00E0142F /* PBXContainerItemProxy */;
		};
/* End PBXTargetDependency section */

/* Begin PBXVariantGroup section */
		CB507EB01BA124DE00E0142F /* Main.storyboard */ = {
			isa = PBXVariantGroup;
			children = (
				CB507EB11BA124DE00E0142F /* Base */,
			);
			name = Main.storyboard;
			sourceTree = "<group>";
		};
		CB507EB51BA124DE00E0142F /* LaunchScreen.xib */ = {
			isa = PBXVariantGroup;
			children = (
				CB507EB61BA124DE00E0142F /* Base */,
			);
			name = LaunchScreen.xib;
			sourceTree = "<group>";
		};
/* End PBXVariantGroup section */

/* Begin XCBuildConfiguration section */
		CB507EC41BA124DE00E0142F /* Debug */ = {
			isa = XCBuildConfiguration;
			buildSettings = {
				ALWAYS_SEARCH_USER_PATHS = NO;
				CLANG_CXX_LANGUAGE_STANDARD = "gnu++0x";
				CLANG_CXX_LIBRARY = "libc++";
				CLANG_ENABLE_MODULES = YES;
				CLANG_ENABLE_OBJC_ARC = YES;
				CLANG_WARN_BOOL_CONVERSION = YES;
				CLANG_WARN_CONSTANT_CONVERSION = YES;
				CLANG_WARN_DIRECT_OBJC_ISA_USAGE = YES_ERROR;
				CLANG_WARN_EMPTY_BODY = YES;
				CLANG_WARN_ENUM_CONVERSION = YES;
				CLANG_WARN_INT_CONVERSION = YES;
				CLANG_WARN_OBJC_ROOT_CLASS = YES_ERROR;
				CLANG_WARN_UNREACHABLE_CODE = YES;
				CLANG_WARN__DUPLICATE_METHOD_MATCH = YES;
				"CODE_SIGN_IDENTITY[sdk=iphoneos*]" = "iPhone Developer";
				COPY_PHASE_STRIP = NO;
				DEBUG_INFORMATION_FORMAT = "dwarf-with-dsym";
				ENABLE_STRICT_OBJC_MSGSEND = YES;
				GCC_C_LANGUAGE_STANDARD = gnu99;
				GCC_DYNAMIC_NO_PIC = NO;
				GCC_NO_COMMON_BLOCKS = YES;
				GCC_OPTIMIZATION_LEVEL = 0;
				GCC_PREPROCESSOR_DEFINITIONS = (
					"DEBUG=1",
					"$(inherited)",
				);
				GCC_SYMBOLS_PRIVATE_EXTERN = NO;
				GCC_WARN_64_TO_32_BIT_CONVERSION = YES;
				GCC_WARN_ABOUT_RETURN_TYPE = YES_ERROR;
				GCC_WARN_UNDECLARED_SELECTOR = YES;
				GCC_WARN_UNINITIALIZED_AUTOS = YES_AGGRESSIVE;
				GCC_WARN_UNUSED_FUNCTION = YES;
				GCC_WARN_UNUSED_VARIABLE = YES;
				IPHONEOS_DEPLOYMENT_TARGET = 8.4;
				MTL_ENABLE_DEBUG_INFO = YES;
				ONLY_ACTIVE_ARCH = YES;
				SDKROOT = iphoneos;
			};
			name = Debug;
		};
		CB507EC51BA124DE00E0142F /* Release */ = {
			isa = XCBuildConfiguration;
			buildSettings = {
				ALWAYS_SEARCH_USER_PATHS = NO;
				CLANG_CXX_LANGUAGE_STANDARD = "gnu++0x";
				CLANG_CXX_LIBRARY = "libc++";
				CLANG_ENABLE_MODULES = YES;
				CLANG_ENABLE_OBJC_ARC = YES;
				CLANG_WARN_BOOL_CONVERSION = YES;
				CLANG_WARN_CONSTANT_CONVERSION = YES;
				CLANG_WARN_DIRECT_OBJC_ISA_USAGE = YES_ERROR;
				CLANG_WARN_EMPTY_BODY = YES;
				CLANG_WARN_ENUM_CONVERSION = YES;
				CLANG_WARN_INT_CONVERSION = YES;
				CLANG_WARN_OBJC_ROOT_CLASS = YES_ERROR;
				CLANG_WARN_UNREACHABLE_CODE = YES;
				CLANG_WARN__DUPLICATE_METHOD_MATCH = YES;
				"CODE_SIGN_IDENTITY[sdk=iphoneos*]" = "iPhone Developer";
				COPY_PHASE_STRIP = NO;
				DEBUG_INFORMATION_FORMAT = "dwarf-with-dsym";
				ENABLE_NS_ASSERTIONS = NO;
				ENABLE_STRICT_OBJC_MSGSEND = YES;
				GCC_C_LANGUAGE_STANDARD = gnu99;
				GCC_NO_COMMON_BLOCKS = YES;
				GCC_WARN_64_TO_32_BIT_CONVERSION = YES;
				GCC_WARN_ABOUT_RETURN_TYPE = YES_ERROR;
				GCC_WARN_UNDECLARED_SELECTOR = YES;
				GCC_WARN_UNINITIALIZED_AUTOS = YES_AGGRESSIVE;
				GCC_WARN_UNUSED_FUNCTION = YES;
				GCC_WARN_UNUSED_VARIABLE = YES;
				IPHONEOS_DEPLOYMENT_TARGET = 8.4;
				MTL_ENABLE_DEBUG_INFO = NO;
				SDKROOT = iphoneos;
				VALIDATE_PRODUCT = YES;
			};
			name = Release;
		};
		CB507EC71BA124DE00E0142F /* Debug */ = {
			isa = XCBuildConfiguration;
			baseConfigurationReference = 0B41A7ECB54375F40AAE7318 /* Pods.debug.xcconfig */;
			buildSettings = {
				ASSETCATALOG_COMPILER_APPICON_NAME = AppIcon;
				INFOPLIST_FILE = LearningDemo/Info.plist;
				LD_RUNPATH_SEARCH_PATHS = "$(inherited) @executable_path/Frameworks";
				PRODUCT_NAME = "$(TARGET_NAME)";
			};
			name = Debug;
		};
		CB507EC81BA124DE00E0142F /* Release */ = {
			isa = XCBuildConfiguration;
			baseConfigurationReference = F0489134AEA2D95D03168B2E /* Pods.release.xcconfig */;
			buildSettings = {
				ASSETCATALOG_COMPILER_APPICON_NAME = AppIcon;
				INFOPLIST_FILE = LearningDemo/Info.plist;
				LD_RUNPATH_SEARCH_PATHS = "$(inherited) @executable_path/Frameworks";
				PRODUCT_NAME = "$(TARGET_NAME)";
			};
			name = Release;
		};
		CB507ECA1BA124DE00E0142F /* Debug */ = {
			isa = XCBuildConfiguration;
			buildSettings = {
				BUNDLE_LOADER = "$(TEST_HOST)";
				FRAMEWORK_SEARCH_PATHS = (
					"$(SDKROOT)/Developer/Library/Frameworks",
					"$(inherited)",
				);
				GCC_PREPROCESSOR_DEFINITIONS = (
					"DEBUG=1",
					"$(inherited)",
				);
				INFOPLIST_FILE = LearningDemoTests/Info.plist;
				LD_RUNPATH_SEARCH_PATHS = "$(inherited) @executable_path/Frameworks @loader_path/Frameworks";
				PRODUCT_NAME = "$(TARGET_NAME)";
				TEST_HOST = "$(BUILT_PRODUCTS_DIR)/LearningDemo.app/LearningDemo";
			};
			name = Debug;
		};
		CB507ECB1BA124DE00E0142F /* Release */ = {
			isa = XCBuildConfiguration;
			buildSettings = {
				BUNDLE_LOADER = "$(TEST_HOST)";
				FRAMEWORK_SEARCH_PATHS = (
					"$(SDKROOT)/Developer/Library/Frameworks",
					"$(inherited)",
				);
				INFOPLIST_FILE = LearningDemoTests/Info.plist;
				LD_RUNPATH_SEARCH_PATHS = "$(inherited) @executable_path/Frameworks @loader_path/Frameworks";
				PRODUCT_NAME = "$(TARGET_NAME)";
				TEST_HOST = "$(BUILT_PRODUCTS_DIR)/LearningDemo.app/LearningDemo";
			};
			name = Release;
		};
/* End XCBuildConfiguration section */

/* Begin XCConfigurationList section */
		CB507E9E1BA124DE00E0142F /* Build configuration list for PBXProject "LearningDemo" */ = {
			isa = XCConfigurationList;
			buildConfigurations = (
				CB507EC41BA124DE00E0142F /* Debug */,
				CB507EC51BA124DE00E0142F /* Release */,
			);
			defaultConfigurationIsVisible = 0;
			defaultConfigurationName = Release;
		};
		CB507EC61BA124DE00E0142F /* Build configuration list for PBXNativeTarget "LearningDemo" */ = {
			isa = XCConfigurationList;
			buildConfigurations = (
				CB507EC71BA124DE00E0142F /* Debug */,
				CB507EC81BA124DE00E0142F /* Release */,
			);
			defaultConfigurationIsVisible = 0;
			defaultConfigurationName = Release;
		};
		CB507EC91BA124DE00E0142F /* Build configuration list for PBXNativeTarget "LearningDemoTests" */ = {
			isa = XCConfigurationList;
			buildConfigurations = (
				CB507ECA1BA124DE00E0142F /* Debug */,
				CB507ECB1BA124DE00E0142F /* Release */,
			);
			defaultConfigurationIsVisible = 0;
			defaultConfigurationName = Release;
		};
/* End XCConfigurationList section */
	};
	rootObject = CB507E9B1BA124DE00E0142F /* Project object */;
}
